// !$*UTF8*$!
{
	archiveVersion = 1;
	classes = {
	};
	objectVersion = 46;
	objects = {

/* Begin PBXBuildFile section */
		AB34ABD11E3241BD000944B7 /* main.cpp in Sources */ = {isa = PBXBuildFile; fileRef = AB34ABD01E3241BD000944B7 /* main.cpp */; };
		AB34ABEC1E35452A000944B7 /* LinkedList.cpp in Sources */ = {isa = PBXBuildFile; fileRef = AB34ABEA1E35452A000944B7 /* LinkedList.cpp */; };
/* End PBXBuildFile section */

/* Begin PBXCopyFilesBuildPhase section */
		AB34ABCB1E3241BD000944B7 /* CopyFiles */ = {
			isa = PBXCopyFilesBuildPhase;
			buildActionMask = 2147483647;
			dstPath = /usr/share/man/man1/;
			dstSubfolderSpec = 0;
			files = (
			);
			runOnlyForDeploymentPostprocessing = 1;
		};
/* End PBXCopyFilesBuildPhase section */

/* Begin PBXFileReference section */
		AB34ABCD1E3241BD000944B7 /* EDIT */ = {isa = PBXFileReference; explicitFileType = "compiled.mach-o.executable"; includeInIndex = 0; path = EDIT; sourceTree = BUILT_PRODUCTS_DIR; };
		AB34ABD01E3241BD000944B7 /* main.cpp */ = {isa = PBXFileReference; lastKnownFileType = sourcecode.cpp.cpp; path = main.cpp; sourceTree = "<group>"; };
		AB34ABEA1E35452A000944B7 /* LinkedList.cpp */ = {isa = PBXFileReference; fileEncoding = 4; lastKnownFileType = sourcecode.cpp.cpp; path = LinkedList.cpp; sourceTree = "<group>"; };
		AB34ABEB1E35452A000944B7 /* LinkedList.hpp */ = {isa = PBXFileReference; fileEncoding = 4; lastKnownFileType = sourcecode.cpp.h; path = LinkedList.hpp; sourceTree = "<group>"; };
/* End PBXFileReference section */

/* Begin PBXFrameworksBuildPhase section */
		AB34ABCA1E3241BD000944B7 /* Frameworks */ = {
			isa = PBXFrameworksBuildPhase;
			buildActionMask = 2147483647;
			files = (
			);
			runOnlyForDeploymentPostprocessing = 0;
		};
/* End PBXFrameworksBuildPhase section */

/* Begin PBXGroup section */
		AB34ABC41E3241BD000944B7 = {
			isa = PBXGroup;
			children = (
				AB34ABCF1E3241BD000944B7 /* DSAssmt1 */,
				AB34ABCE1E3241BD000944B7 /* Products */,
			);
			sourceTree = "<group>";
		};
		AB34ABCE1E3241BD000944B7 /* Products */ = {
			isa = PBXGroup;
			children = (
				AB34ABCD1E3241BD000944B7 /* EDIT */,
			);
			name = Products;
			sourceTree = "<group>";
		};
		AB34ABCF1E3241BD000944B7 /* DSAssmt1 */ = {
			isa = PBXGroup;
			children = (
				AB34ABD01E3241BD000944B7 /* main.cpp */,
				AB34ABEA1E35452A000944B7 /* LinkedList.cpp */,
				AB34ABEB1E35452A000944B7 /* LinkedList.hpp */,
			);
			path = DSAssmt1;
			sourceTree = "<group>";
		};
/* End PBXGroup section */

/* Begin PBXNativeTarget section */
		AB34ABCC1E3241BD000944B7 /* EDIT */ = {
			isa = PBXNativeTarget;
			buildConfigurationList = AB34ABD41E3241BD000944B7 /* Build configuration list for PBXNativeTarget "EDIT" */;
			buildPhases = (
				AB34ABC91E3241BD000944B7 /* Sources */,
				AB34ABCA1E3241BD000944B7 /* Frameworks */,
				AB34ABCB1E3241BD000944B7 /* CopyFiles */,
			);
			buildRules = (
			);
			dependencies = (
			);
			name = EDIT;
			productName = DSAssmt1;
			productReference = AB34ABCD1E3241BD000944B7 /* EDIT */;
			productType = "com.apple.product-type.tool";
		};
/* End PBXNativeTarget section */

/* Begin PBXProject section */
		AB34ABC51E3241BD000944B7 /* Project object */ = {
			isa = PBXProject;
			attributes = {
				LastUpgradeCheck = 0730;
				ORGANIZATIONNAME = w0293490;
				TargetAttributes = {
					AB34ABCC1E3241BD000944B7 = {
						CreatedOnToolsVersion = 7.3.1;
					};
				};
			};
			buildConfigurationList = AB34ABC81E3241BD000944B7 /* Build configuration list for PBXProject "EDIT" */;
			compatibilityVersion = "Xcode 3.2";
			developmentRegion = English;
			hasScannedForEncodings = 0;
			knownRegions = (
				en,
			);
			mainGroup = AB34ABC41E3241BD000944B7;
			productRefGroup = AB34ABCE1E3241BD000944B7 /* Products */;
			projectDirPath = "";
			projectRoot = "";
			targets = (
				AB34ABCC1E3241BD000944B7 /* EDIT */,
			);
		};
/* End PBXProject section */

/* Begin PBXSourcesBuildPhase section */
		AB34ABC91E3241BD000944B7 /* Sources */ = {
			isa = PBXSourcesBuildPhase;
			buildActionMask = 2147483647;
			files = (
				AB34ABEC1E35452A000944B7 /* LinkedList.cpp in Sources */,
				AB34ABD11E3241BD000944B7 /* main.cpp in Sources */,
			);
			runOnlyForDeploymentPostprocessing = 0;
		};
/* End PBXSourcesBuildPhase section */

/* Begin XCBuildConfiguration section */
		AB34ABD21E3241BD000944B7 /* Debug */ = {
			isa = XCBuildConfiguration;
			buildSettings = {
				ALWAYS_SEARCH_USER_PATHS = NO;
				CLANG_ANALYZER_NONNULL = YES;
				CLANG_CXX_LANGUAGE_STANDARD = "gnu++0x";
				CLANG_CXX_LIBRARY = "libc++";
				CLANG_ENABLE_MODULES = YES;
				CLANG_ENABLE_OBJC_ARC = YES;
				CLANG_WARN_BOOL_CONVERSION = YES;
				CLANG_WARN_CONSTANT_CONVERSION = YES;
				CLANG_WARN_DIRECT_OBJC_ISA_USAGE = YES_ERROR;
				CLANG_WARN_EMPTY_BODY = YES;
				CLANG_WARN_ENUM_CONVERSION = YES;
				CLANG_WARN_INT_CONVERSION = YES;
				CLANG_WARN_OBJC_ROOT_CLASS = YES_ERROR;
				CLANG_WARN_UNREACHABLE_CODE = YES;
				CLANG_WARN__DUPLICATE_METHOD_MATCH = YES;
				CODE_SIGN_IDENTITY = "-";
				COPY_PHASE_STRIP = NO;
				DEBUG_INFORMATION_FORMAT = dwarf;
				ENABLE_STRICT_OBJC_MSGSEND = YES;
				ENABLE_TESTABILITY = YES;
				GCC_C_LANGUAGE_STANDARD = gnu99;
				GCC_DYNAMIC_NO_PIC = NO;
				GCC_NO_COMMON_BLOCKS = YES;
				GCC_OPTIMIZATION_LEVEL = 0;
				GCC_PREPROCESSOR_DEFINITIONS = (
					"DEBUG=1",
					"$(inherited)",
				);
				GCC_WARN_64_TO_32_BIT_CONVERSION = YES;
				GCC_WARN_ABOUT_RETURN_TYPE = YES_ERROR;
				GCC_WARN_UNDECLARED_SELECTOR = YES;
				GCC_WARN_UNINITIALIZED_AUTOS = YES_AGGRESSIVE;
				GCC_WARN_UNUSED_FUNCTION = YES;
				GCC_WARN_UNUSED_VARIABLE = YES;
				MACOSX_DEPLOYMENT_TARGET = 10.11;
				MTL_ENABLE_DEBUG_INFO = YES;
				ONLY_ACTIVE_ARCH = YES;
				SDKROOT = macosx;
			};
			name = Debug;
		};
		AB34ABD31E3241BD000944B7 /* Release */ = {
			isa = XCBuildConfiguration;
			buildSettings = {
				ALWAYS_SEARCH_USER_PATHS = NO;
				CLANG_ANALYZER_NONNULL = YES;
				CLANG_CXX_LANGUAGE_STANDARD = "gnu++0x";
				CLANG_CXX_LIBRARY = "libc++";
				CLANG_ENABLE_MODULES = YES;
				CLANG_ENABLE_OBJC_ARC = YES;
				CLANG_WARN_BOOL_CONVERSION = YES;
				CLANG_WARN_CONSTANT_CONVERSION = YES;
				CLANG_WARN_DIRECT_OBJC_ISA_USAGE = YES_ERROR;
				CLANG_WARN_EMPTY_BODY = YES;
				CLANG_WARN_ENUM_CONVERSION = YES;
				CLANG_WARN_INT_CONVERSION = YES;
				CLANG_WARN_OBJC_ROOT_CLASS = YES_ERROR;
				CLANG_WARN_UNREACHABLE_CODE = YES;
				CLANG_WARN__DUPLICATE_METHOD_MATCH = YES;
				CODE_SIGN_IDENTITY = "-";
				COPY_PHASE_STRIP = NO;
				DEBUG_INFORMATION_FORMAT = "dwarf-with-dsym";
				ENABLE_NS_ASSERTIONS = NO;
				ENABLE_STRICT_OBJC_MSGSEND = YES;
				GCC_C_LANGUAGE_STANDARD = gnu99;
				GCC_NO_COMMON_BLOCKS = YES;
				GCC_WARN_64_TO_32_BIT_CONVERSION = YES;
				GCC_WARN_ABOUT_RETURN_TYPE = YES_ERROR;
				GCC_WARN_UNDECLARED_SELECTOR = YES;
				GCC_WARN_UNINITIALIZED_AUTOS = YES_AGGRESSIVE;
				GCC_WARN_UNUSED_FUNCTION = YES;
				GCC_WARN_UNUSED_VARIABLE = YES;
				MACOSX_DEPLOYMENT_TARGET = 10.11;
				MTL_ENABLE_DEBUG_INFO = NO;
				SDKROOT = macosx;
			};
			name = Release;
		};
		AB34ABD51E3241BD000944B7 /* Debug */ = {
			isa = XCBuildConfiguration;
			buildSettings = {
				PRODUCT_NAME = EDIT;
			};
			name = Debug;
		};
		AB34ABD61E3241BD000944B7 /* Release */ = {
			isa = XCBuildConfiguration;
			buildSettings = {
				PRODUCT_NAME = EDIT;
			};
			name = Release;
		};
/* End XCBuildConfiguration section */

/* Begin XCConfigurationList section */
		AB34ABC81E3241BD000944B7 /* Build configuration list for PBXProject "EDIT" */ = {
			isa = XCConfigurationList;
			buildConfigurations = (
				AB34ABD21E3241BD000944B7 /* Debug */,
				AB34ABD31E3241BD000944B7 /* Release */,
			);
			defaultConfigurationIsVisible = 0;
			defaultConfigurationName = Release;
		};
		AB34ABD41E3241BD000944B7 /* Build configuration list for PBXNativeTarget "EDIT" */ = {
			isa = XCConfigurationList;
			buildConfigurations = (
				AB34ABD51E3241BD000944B7 /* Debug */,
				AB34ABD61E3241BD000944B7 /* Release */,
			);
			defaultConfigurationIsVisible = 0;
			defaultConfigurationName = Release;
		};
/* End XCConfigurationList section */
	};
	rootObject = AB34ABC51E3241BD000944B7 /* Project object */;
}
