
Microsoft Visual Studio Solution File, Format Version 12.00
# Visual Studio 14
VisualStudioVersion = 14.0.25420.1
MinimumVisualStudioVersion = 10.0.40219.1
Project("{FAE04EC0-301F-11D3-BF4B-00C04F79EFBC}") = "LocalNote", "LocalNote\LocalNote.csproj", "{47EFF9C4-07AB-4035-A0D8-BD1FCEBE8278}"
EndProject
Project("{FAE04EC0-301F-11D3-BF4B-00C04F79EFBC}") = "LnTests", "LnTests\LnTests.csproj", "{F90A8C5F-F281-49D0-B5E3-E9626F8B298B}"
EndProject
Global
	GlobalSection(SolutionConfigurationPlatforms) = preSolution
		Debug|Any CPU = Debug|Any CPU
		Debug|ARM = Debug|ARM
		Debug|x64 = Debug|x64
		Debug|x86 = Debug|x86
		Release|Any CPU = Release|Any CPU
		Release|ARM = Release|ARM
		Release|x64 = Release|x64
		Release|x86 = Release|x86
	EndGlobalSection
	GlobalSection(ProjectConfigurationPlatforms) = postSolution
		{47EFF9C4-07AB-4035-A0D8-BD1FCEBE8278}.Debug|Any CPU.ActiveCfg = Debug|x86
		{47EFF9C4-07AB-4035-A0D8-BD1FCEBE8278}.Debug|ARM.ActiveCfg = Debug|ARM
		{47EFF9C4-07AB-4035-A0D8-BD1FCEBE8278}.Debug|ARM.Build.0 = Debug|ARM
		{47EFF9C4-07AB-4035-A0D8-BD1FCEBE8278}.Debug|ARM.Deploy.0 = Debug|ARM
		{47EFF9C4-07AB-4035-A0D8-BD1FCEBE8278}.Debug|x64.ActiveCfg = Debug|x64
		{47EFF9C4-07AB-4035-A0D8-BD1FCEBE8278}.Debug|x64.Build.0 = Debug|x64
		{47EFF9C4-07AB-4035-A0D8-BD1FCEBE8278}.Debug|x64.Deploy.0 = Debug|x64
		{47EFF9C4-07AB-4035-A0D8-BD1FCEBE8278}.Debug|x86.ActiveCfg = Debug|x86
		{47EFF9C4-07AB-4035-A0D8-BD1FCEBE8278}.Debug|x86.Build.0 = Debug|x86
		{47EFF9C4-07AB-4035-A0D8-BD1FCEBE8278}.Debug|x86.Deploy.0 = Debug|x86
		{47EFF9C4-07AB-4035-A0D8-BD1FCEBE8278}.Release|Any CPU.ActiveCfg = Release|x86
		{47EFF9C4-07AB-4035-A0D8-BD1FCEBE8278}.Release|ARM.ActiveCfg = Release|ARM
		{47EFF9C4-07AB-4035-A0D8-BD1FCEBE8278}.Release|ARM.Build.0 = Release|ARM
		{47EFF9C4-07AB-4035-A0D8-BD1FCEBE8278}.Release|ARM.Deploy.0 = Release|ARM
		{47EFF9C4-07AB-4035-A0D8-BD1FCEBE8278}.Release|x64.ActiveCfg = Release|x64
		{47EFF9C4-07AB-4035-A0D8-BD1FCEBE8278}.Release|x64.Build.0 = Release|x64
		{47EFF9C4-07AB-4035-A0D8-BD1FCEBE8278}.Release|x64.Deploy.0 = Release|x64
		{47EFF9C4-07AB-4035-A0D8-BD1FCEBE8278}.Release|x86.ActiveCfg = Release|x86
		{47EFF9C4-07AB-4035-A0D8-BD1FCEBE8278}.Release|x86.Build.0 = Release|x86
		{47EFF9C4-07AB-4035-A0D8-BD1FCEBE8278}.Release|x86.Deploy.0 = Release|x86
		{F90A8C5F-F281-49D0-B5E3-E9626F8B298B}.Debug|Any CPU.ActiveCfg = Debug|x86
		{F90A8C5F-F281-49D0-B5E3-E9626F8B298B}.Debug|ARM.ActiveCfg = Debug|ARM
		{F90A8C5F-F281-49D0-B5E3-E9626F8B298B}.Debug|ARM.Build.0 = Debug|ARM
		{F90A8C5F-F281-49D0-B5E3-E9626F8B298B}.Debug|ARM.Deploy.0 = Debug|ARM
		{F90A8C5F-F281-49D0-B5E3-E9626F8B298B}.Debug|x64.ActiveCfg = Debug|x64
		{F90A8C5F-F281-49D0-B5E3-E9626F8B298B}.Debug|x64.Build.0 = Debug|x64
		{F90A8C5F-F281-49D0-B5E3-E9626F8B298B}.Debug|x64.Deploy.0 = Debug|x64
		{F90A8C5F-F281-49D0-B5E3-E9626F8B298B}.Debug|x86.ActiveCfg = Debug|x86
		{F90A8C5F-F281-49D0-B5E3-E9626F8B298B}.Debug|x86.Build.0 = Debug|x86
		{F90A8C5F-F281-49D0-B5E3-E9626F8B298B}.Debug|x86.Deploy.0 = Debug|x86
		{F90A8C5F-F281-49D0-B5E3-E9626F8B298B}.Release|Any CPU.ActiveCfg = Release|x86
		{F90A8C5F-F281-49D0-B5E3-E9626F8B298B}.Release|ARM.ActiveCfg = Release|ARM
		{F90A8C5F-F281-49D0-B5E3-E9626F8B298B}.Release|ARM.Build.0 = Release|ARM
		{F90A8C5F-F281-49D0-B5E3-E9626F8B298B}.Release|ARM.Deploy.0 = Release|ARM
		{F90A8C5F-F281-49D0-B5E3-E9626F8B298B}.Release|x64.ActiveCfg = Release|x64
		{F90A8C5F-F281-49D0-B5E3-E9626F8B298B}.Release|x64.Build.0 = Release|x64
		{F90A8C5F-F281-49D0-B5E3-E9626F8B298B}.Release|x64.Deploy.0 = Release|x64
		{F90A8C5F-F281-49D0-B5E3-E9626F8B298B}.Release|x86.ActiveCfg = Release|x86
		{F90A8C5F-F281-49D0-B5E3-E9626F8B298B}.Release|x86.Build.0 = Release|x86
		{F90A8C5F-F281-49D0-B5E3-E9626F8B298B}.Release|x86.Deploy.0 = Release|x86
	EndGlobalSection
	GlobalSection(SolutionProperties) = preSolution
		HideSolutionNode = FALSE
	EndGlobalSection
EndGlobal
